
Microsoft Visual Studio Solution File, Format Version 12.00
# Visual Studio 2013
VisualStudioVersion = 12.0.31101.0
MinimumVisualStudioVersion = 10.0.40219.1
Project("{FAE04EC0-301F-11D3-BF4B-00C04F79EFBC}") = "Event-Homework", "Event-Homework\Event-Homework.csproj", "{9BF79C14-093C-4922-BF9C-41C0CD8FA5AE}"
EndProject
Project("{FAE04EC0-301F-11D3-BF4B-00C04F79EFBC}") = "UnitTestProject1", "UnitTestProject1\UnitTestProject1.csproj", "{EA589B0D-B589-4650-9A13-0C94F8051AB6}"
EndProject
Global
	GlobalSection(SolutionConfigurationPlatforms) = preSolution
		Debug|Any CPU = Debug|Any CPU
		Release|Any CPU = Release|Any CPU
	EndGlobalSection
	GlobalSection(ProjectConfigurationPlatforms) = postSolution
		{9BF79C14-093C-4922-BF9C-41C0CD8FA5AE}.Debug|Any CPU.ActiveCfg = Debug|Any CPU
		{9BF79C14-093C-4922-BF9C-41C0CD8FA5AE}.Debug|Any CPU.Build.0 = Debug|Any CPU
		{9BF79C14-093C-4922-BF9C-41C0CD8FA5AE}.Release|Any CPU.ActiveCfg = Release|Any CPU
		{9BF79C14-093C-4922-BF9C-41C0CD8FA5AE}.Release|Any CPU.Build.0 = Release|Any CPU
		{EA589B0D-B589-4650-9A13-0C94F8051AB6}.Debug|Any CPU.ActiveCfg = Debug|Any CPU
		{EA589B0D-B589-4650-9A13-0C94F8051AB6}.Debug|Any CPU.Build.0 = Debug|Any CPU
		{EA589B0D-B589-4650-9A13-0C94F8051AB6}.Release|Any CPU.ActiveCfg = Release|Any CPU
		{EA589B0D-B589-4650-9A13-0C94F8051AB6}.Release|Any CPU.Build.0 = Release|Any CPU
	EndGlobalSection
	GlobalSection(SolutionProperties) = preSolution
		HideSolutionNode = FALSE
	EndGlobalSection
EndGlobal
